// !$*UTF8*$!
{
	archiveVersion = 1;
	classes = {
	};
	objectVersion = 50;
	objects = {

/* Begin PBXBuildFile section */
		6628106725B5B340003D98BA /* CategoryRow.swift in Sources */ = {isa = PBXBuildFile; fileRef = 6628106625B5B340003D98BA /* CategoryRow.swift */; };
		6628106A25B5B6A5003D98BA /* CategoryItem.swift in Sources */ = {isa = PBXBuildFile; fileRef = 6628106925B5B6A5003D98BA /* CategoryItem.swift */; };
		6628106E25B5BDA8003D98BA /* Profile.swift in Sources */ = {isa = PBXBuildFile; fileRef = 6628106D25B5BDA8003D98BA /* Profile.swift */; };
		6628107225B5BEA4003D98BA /* ProfileHost.swift in Sources */ = {isa = PBXBuildFile; fileRef = 6628107125B5BEA4003D98BA /* ProfileHost.swift */; };
		6628107625B5BEE1003D98BA /* ProfileSummary.swift in Sources */ = {isa = PBXBuildFile; fileRef = 6628107525B5BEE1003D98BA /* ProfileSummary.swift */; };
		6628107925B5C02A003D98BA /* HikeBadge.swift in Sources */ = {isa = PBXBuildFile; fileRef = 6628107825B5C02A003D98BA /* HikeBadge.swift */; };
		6628108725B89566003D98BA /* ProfileEditor.swift in Sources */ = {isa = PBXBuildFile; fileRef = 6628108625B89566003D98BA /* ProfileEditor.swift */; };
		6671394A25B012BA00599F50 /* HexagonParameters.swift in Sources */ = {isa = PBXBuildFile; fileRef = 6671394925B012BA00599F50 /* HexagonParameters.swift */; };
		6671394D25B0138000599F50 /* BadgeBackground.swift in Sources */ = {isa = PBXBuildFile; fileRef = 6671394C25B0138000599F50 /* BadgeBackground.swift */; };
		6671395025B0182900599F50 /* BadgeSymbol.swift in Sources */ = {isa = PBXBuildFile; fileRef = 6671394F25B0182900599F50 /* BadgeSymbol.swift */; };
		6671395325B018D000599F50 /* RotatedBadgeSymbol.swift in Sources */ = {isa = PBXBuildFile; fileRef = 6671395225B018D000599F50 /* RotatedBadgeSymbol.swift */; };
		6671395625B0193D00599F50 /* Badge.swift in Sources */ = {isa = PBXBuildFile; fileRef = 6671395525B0193D00599F50 /* Badge.swift */; };
		6671395B25B01C1800599F50 /* hikeData.json in Resources */ = {isa = PBXBuildFile; fileRef = 6671395A25B01C1800599F50 /* hikeData.json */; };
		6671395E25B01C3300599F50 /* Hike.swift in Sources */ = {isa = PBXBuildFile; fileRef = 6671395D25B01C3300599F50 /* Hike.swift */; };
		6671396525B01D6500599F50 /* GraphCapsule.swift in Sources */ = {isa = PBXBuildFile; fileRef = 6671396125B01D6500599F50 /* GraphCapsule.swift */; };
		6671396625B01D6500599F50 /* HikeGraph.swift in Sources */ = {isa = PBXBuildFile; fileRef = 6671396225B01D6500599F50 /* HikeGraph.swift */; };
		6671396725B01D6500599F50 /* HikeDetail.swift in Sources */ = {isa = PBXBuildFile; fileRef = 6671396325B01D6500599F50 /* HikeDetail.swift */; };
		6671396825B01D6500599F50 /* HikeView.swift in Sources */ = {isa = PBXBuildFile; fileRef = 6671396425B01D6500599F50 /* HikeView.swift */; };
		6671396F25B023B300599F50 /* CategoryHome.swift in Sources */ = {isa = PBXBuildFile; fileRef = 6671396E25B023B300599F50 /* CategoryHome.swift */; };
		6675031925B00DDD0073B380 /* FavoriteButton.swift in Sources */ = {isa = PBXBuildFile; fileRef = 6675031825B00DDD0073B380 /* FavoriteButton.swift */; };
		667BA96D25A774160098C7CC /* LandMarksApp.swift in Sources */ = {isa = PBXBuildFile; fileRef = 667BA96C25A774160098C7CC /* LandMarksApp.swift */; };
		667BA96F25A774160098C7CC /* ContentView.swift in Sources */ = {isa = PBXBuildFile; fileRef = 667BA96E25A774160098C7CC /* ContentView.swift */; };
		667BA97125A774180098C7CC /* Assets.xcassets in Resources */ = {isa = PBXBuildFile; fileRef = 667BA97025A774180098C7CC /* Assets.xcassets */; };
		667BA97425A774180098C7CC /* Preview Assets.xcassets in Resources */ = {isa = PBXBuildFile; fileRef = 667BA97325A774180098C7CC /* Preview Assets.xcassets */; };
		667BA97D25A8384A0098C7CC /* CircleImage.swift in Sources */ = {isa = PBXBuildFile; fileRef = 667BA97C25A8384A0098C7CC /* CircleImage.swift */; };
		667BA98125A838EE0098C7CC /* MapView.swift in Sources */ = {isa = PBXBuildFile; fileRef = 667BA98025A838EE0098C7CC /* MapView.swift */; };
		667BA98525A83C180098C7CC /* landmarkData.json in Resources */ = {isa = PBXBuildFile; fileRef = 667BA98425A83C180098C7CC /* landmarkData.json */; };
		667BA98825A83C2E0098C7CC /* LandMark.swift in Sources */ = {isa = PBXBuildFile; fileRef = 667BA98725A83C2E0098C7CC /* LandMark.swift */; };
		667BA98B25A83D8D0098C7CC /* ModelData.swift in Sources */ = {isa = PBXBuildFile; fileRef = 667BA98A25A83D8D0098C7CC /* ModelData.swift */; };
		667BA99225A841CD0098C7CC /* LandmarkRow.swift in Sources */ = {isa = PBXBuildFile; fileRef = 667BA99125A841CD0098C7CC /* LandmarkRow.swift */; };
		667BA99625A843D10098C7CC /* LandmarkList.swift in Sources */ = {isa = PBXBuildFile; fileRef = 667BA99525A843D10098C7CC /* LandmarkList.swift */; };
		667BA99925A847620098C7CC /* LandmarkDetail.swift in Sources */ = {isa = PBXBuildFile; fileRef = 667BA99825A847620098C7CC /* LandmarkDetail.swift */; };
/* End PBXBuildFile section */

/* Begin PBXFileReference section */
		6628106625B5B340003D98BA /* CategoryRow.swift */ = {isa = PBXFileReference; lastKnownFileType = sourcecode.swift; path = CategoryRow.swift; sourceTree = "<group>"; };
		6628106925B5B6A5003D98BA /* CategoryItem.swift */ = {isa = PBXFileReference; lastKnownFileType = sourcecode.swift; path = CategoryItem.swift; sourceTree = "<group>"; };
		6628106D25B5BDA8003D98BA /* Profile.swift */ = {isa = PBXFileReference; lastKnownFileType = sourcecode.swift; path = Profile.swift; sourceTree = "<group>"; };
		6628107125B5BEA4003D98BA /* ProfileHost.swift */ = {isa = PBXFileReference; lastKnownFileType = sourcecode.swift; path = ProfileHost.swift; sourceTree = "<group>"; };
		6628107525B5BEE1003D98BA /* ProfileSummary.swift */ = {isa = PBXFileReference; lastKnownFileType = sourcecode.swift; path = ProfileSummary.swift; sourceTree = "<group>"; };
		6628107825B5C02A003D98BA /* HikeBadge.swift */ = {isa = PBXFileReference; lastKnownFileType = sourcecode.swift; path = HikeBadge.swift; sourceTree = "<group>"; };
		6628108625B89566003D98BA /* ProfileEditor.swift */ = {isa = PBXFileReference; lastKnownFileType = sourcecode.swift; path = ProfileEditor.swift; sourceTree = "<group>"; };
		6671394925B012BA00599F50 /* HexagonParameters.swift */ = {isa = PBXFileReference; lastKnownFileType = sourcecode.swift; path = HexagonParameters.swift; sourceTree = "<group>"; };
		6671394C25B0138000599F50 /* BadgeBackground.swift */ = {isa = PBXFileReference; lastKnownFileType = sourcecode.swift; path = BadgeBackground.swift; sourceTree = "<group>"; };
		6671394F25B0182900599F50 /* BadgeSymbol.swift */ = {isa = PBXFileReference; lastKnownFileType = sourcecode.swift; path = BadgeSymbol.swift; sourceTree = "<group>"; };
		6671395225B018D000599F50 /* RotatedBadgeSymbol.swift */ = {isa = PBXFileReference; lastKnownFileType = sourcecode.swift; path = RotatedBadgeSymbol.swift; sourceTree = "<group>"; };
		6671395525B0193D00599F50 /* Badge.swift */ = {isa = PBXFileReference; lastKnownFileType = sourcecode.swift; path = Badge.swift; sourceTree = "<group>"; };
		6671395A25B01C1800599F50 /* hikeData.json */ = {isa = PBXFileReference; fileEncoding = 4; lastKnownFileType = text.json; path = hikeData.json; sourceTree = "<group>"; };
		6671395D25B01C3300599F50 /* Hike.swift */ = {isa = PBXFileReference; lastKnownFileType = sourcecode.swift; path = Hike.swift; sourceTree = "<group>"; };
		6671396125B01D6500599F50 /* GraphCapsule.swift */ = {isa = PBXFileReference; fileEncoding = 4; lastKnownFileType = sourcecode.swift; path = GraphCapsule.swift; sourceTree = "<group>"; };
		6671396225B01D6500599F50 /* HikeGraph.swift */ = {isa = PBXFileReference; fileEncoding = 4; lastKnownFileType = sourcecode.swift; path = HikeGraph.swift; sourceTree = "<group>"; };
		6671396325B01D6500599F50 /* HikeDetail.swift */ = {isa = PBXFileReference; fileEncoding = 4; lastKnownFileType = sourcecode.swift; path = HikeDetail.swift; sourceTree = "<group>"; };
		6671396425B01D6500599F50 /* HikeView.swift */ = {isa = PBXFileReference; fileEncoding = 4; lastKnownFileType = sourcecode.swift; path = HikeView.swift; sourceTree = "<group>"; };
		6671396E25B023B300599F50 /* CategoryHome.swift */ = {isa = PBXFileReference; lastKnownFileType = sourcecode.swift; path = CategoryHome.swift; sourceTree = "<group>"; };
		6675031825B00DDD0073B380 /* FavoriteButton.swift */ = {isa = PBXFileReference; lastKnownFileType = sourcecode.swift; path = FavoriteButton.swift; sourceTree = "<group>"; };
		667BA96925A774160098C7CC /* LandMarks.app */ = {isa = PBXFileReference; explicitFileType = wrapper.application; includeInIndex = 0; path = LandMarks.app; sourceTree = BUILT_PRODUCTS_DIR; };
		667BA96C25A774160098C7CC /* LandMarksApp.swift */ = {isa = PBXFileReference; lastKnownFileType = sourcecode.swift; path = LandMarksApp.swift; sourceTree = "<group>"; };
		667BA96E25A774160098C7CC /* ContentView.swift */ = {isa = PBXFileReference; lastKnownFileType = sourcecode.swift; path = ContentView.swift; sourceTree = "<group>"; };
		667BA97025A774180098C7CC /* Assets.xcassets */ = {isa = PBXFileReference; lastKnownFileType = folder.assetcatalog; path = Assets.xcassets; sourceTree = "<group>"; };
		667BA97325A774180098C7CC /* Preview Assets.xcassets */ = {isa = PBXFileReference; lastKnownFileType = folder.assetcatalog; path = "Preview Assets.xcassets"; sourceTree = "<group>"; };
		667BA97525A774180098C7CC /* Info.plist */ = {isa = PBXFileReference; lastKnownFileType = text.plist.xml; path = Info.plist; sourceTree = "<group>"; };
		667BA97C25A8384A0098C7CC /* CircleImage.swift */ = {isa = PBXFileReference; lastKnownFileType = sourcecode.swift; path = CircleImage.swift; sourceTree = "<group>"; };
		667BA98025A838EE0098C7CC /* MapView.swift */ = {isa = PBXFileReference; lastKnownFileType = sourcecode.swift; path = MapView.swift; sourceTree = "<group>"; };
		667BA98425A83C180098C7CC /* landmarkData.json */ = {isa = PBXFileReference; fileEncoding = 4; lastKnownFileType = text.json; path = landmarkData.json; sourceTree = "<group>"; };
		667BA98725A83C2E0098C7CC /* LandMark.swift */ = {isa = PBXFileReference; lastKnownFileType = sourcecode.swift; path = LandMark.swift; sourceTree = "<group>"; };
		667BA98A25A83D8D0098C7CC /* ModelData.swift */ = {isa = PBXFileReference; lastKnownFileType = sourcecode.swift; path = ModelData.swift; sourceTree = "<group>"; };
		667BA99125A841CD0098C7CC /* LandmarkRow.swift */ = {isa = PBXFileReference; lastKnownFileType = sourcecode.swift; path = LandmarkRow.swift; sourceTree = "<group>"; };
		667BA99525A843D10098C7CC /* LandmarkList.swift */ = {isa = PBXFileReference; lastKnownFileType = sourcecode.swift; path = LandmarkList.swift; sourceTree = "<group>"; };
		667BA99825A847620098C7CC /* LandmarkDetail.swift */ = {isa = PBXFileReference; lastKnownFileType = sourcecode.swift; path = LandmarkDetail.swift; sourceTree = "<group>"; };
/* End PBXFileReference section */

/* Begin PBXFrameworksBuildPhase section */
		667BA96625A774160098C7CC /* Frameworks */ = {
			isa = PBXFrameworksBuildPhase;
			buildActionMask = 2147483647;
			files = (
			);
			runOnlyForDeploymentPostprocessing = 0;
		};
/* End PBXFrameworksBuildPhase section */

/* Begin PBXGroup section */
		6628107025B5BE75003D98BA /* Profile */ = {
			isa = PBXGroup;
			children = (
				6628107125B5BEA4003D98BA /* ProfileHost.swift */,
				6628107525B5BEE1003D98BA /* ProfileSummary.swift */,
				6628108625B89566003D98BA /* ProfileEditor.swift */,
			);
			path = Profile;
			sourceTree = "<group>";
		};
		6671395825B01A9200599F50 /* Badges */ = {
			isa = PBXGroup;
			children = (
				6671395525B0193D00599F50 /* Badge.swift */,
				6671394C25B0138000599F50 /* BadgeBackground.swift */,
				6671394F25B0182900599F50 /* BadgeSymbol.swift */,
				6671395225B018D000599F50 /* RotatedBadgeSymbol.swift */,
				6671394925B012BA00599F50 /* HexagonParameters.swift */,
			);
			path = Badges;
			sourceTree = "<group>";
		};
		6671396025B01D6500599F50 /* Hikes */ = {
			isa = PBXGroup;
			children = (
				6671396125B01D6500599F50 /* GraphCapsule.swift */,
				6671396225B01D6500599F50 /* HikeGraph.swift */,
				6671396325B01D6500599F50 /* HikeDetail.swift */,
				6671396425B01D6500599F50 /* HikeView.swift */,
				6628107825B5C02A003D98BA /* HikeBadge.swift */,
			);
			path = Hikes;
			sourceTree = "<group>";
		};
		6671396D25B0239D00599F50 /* Categories */ = {
			isa = PBXGroup;
			children = (
				6671396E25B023B300599F50 /* CategoryHome.swift */,
				6628106625B5B340003D98BA /* CategoryRow.swift */,
				6628106925B5B6A5003D98BA /* CategoryItem.swift */,
			);
			path = Categories;
			sourceTree = "<group>";
		};
		6675031B25B00E670073B380 /* Landmarks */ = {
			isa = PBXGroup;
			children = (
				667BA99525A843D10098C7CC /* LandmarkList.swift */,
				667BA99125A841CD0098C7CC /* LandmarkRow.swift */,
				667BA99825A847620098C7CC /* LandmarkDetail.swift */,
			);
			path = Landmarks;
			sourceTree = "<group>";
		};
		6675031C25B00E820073B380 /* Helpers */ = {
			isa = PBXGroup;
			children = (
				667BA97C25A8384A0098C7CC /* CircleImage.swift */,
				667BA98025A838EE0098C7CC /* MapView.swift */,
				6675031825B00DDD0073B380 /* FavoriteButton.swift */,
			);
			path = Helpers;
			sourceTree = "<group>";
		};
		667BA96025A774150098C7CC = {
			isa = PBXGroup;
			children = (
				667BA96B25A774160098C7CC /* LandMarks */,
				667BA96A25A774160098C7CC /* Products */,
			);
			sourceTree = "<group>";
		};
		667BA96A25A774160098C7CC /* Products */ = {
			isa = PBXGroup;
			children = (
				667BA96925A774160098C7CC /* LandMarks.app */,
			);
			name = Products;
			sourceTree = "<group>";
		};
		667BA96B25A774160098C7CC /* LandMarks */ = {
			isa = PBXGroup;
			children = (
				667BA96C25A774160098C7CC /* LandMarksApp.swift */,
				667BA98E25A840CB0098C7CC /* View */,
				667BA98F25A840E30098C7CC /* Model */,
				667BA99025A840F50098C7CC /* Resources */,
				667BA97025A774180098C7CC /* Assets.xcassets */,
				667BA97525A774180098C7CC /* Info.plist */,
				667BA97225A774180098C7CC /* Preview Content */,
			);
			path = LandMarks;
			sourceTree = "<group>";
		};
		667BA97225A774180098C7CC /* Preview Content */ = {
			isa = PBXGroup;
			children = (
				667BA97325A774180098C7CC /* Preview Assets.xcassets */,
			);
			path = "Preview Content";
			sourceTree = "<group>";
		};
		667BA98E25A840CB0098C7CC /* View */ = {
			isa = PBXGroup;
			children = (
				667BA96E25A774160098C7CC /* ContentView.swift */,
				6628107025B5BE75003D98BA /* Profile */,
				6671396D25B0239D00599F50 /* Categories */,
				6675031B25B00E670073B380 /* Landmarks */,
				6675031C25B00E820073B380 /* Helpers */,
				6671396025B01D6500599F50 /* Hikes */,
				6671395825B01A9200599F50 /* Badges */,
			);
			path = View;
			sourceTree = "<group>";
		};
		667BA98F25A840E30098C7CC /* Model */ = {
			isa = PBXGroup;
			children = (
				667BA98A25A83D8D0098C7CC /* ModelData.swift */,
				667BA98725A83C2E0098C7CC /* LandMark.swift */,
				6671395D25B01C3300599F50 /* Hike.swift */,
				6628106D25B5BDA8003D98BA /* Profile.swift */,
			);
			path = Model;
			sourceTree = "<group>";
		};
		667BA99025A840F50098C7CC /* Resources */ = {
			isa = PBXGroup;
			children = (
				6671395A25B01C1800599F50 /* hikeData.json */,
				667BA98425A83C180098C7CC /* landmarkData.json */,
			);
			path = Resources;
			sourceTree = "<group>";
		};
/* End PBXGroup section */

/* Begin PBXNativeTarget section */
		667BA96825A774160098C7CC /* LandMarks */ = {
			isa = PBXNativeTarget;
			buildConfigurationList = 667BA97825A774180098C7CC /* Build configuration list for PBXNativeTarget "LandMarks" */;
			buildPhases = (
				667BA96525A774160098C7CC /* Sources */,
				667BA96625A774160098C7CC /* Frameworks */,
				667BA96725A774160098C7CC /* Resources */,
			);
			buildRules = (
			);
			dependencies = (
			);
			name = LandMarks;
			productName = LandMarks;
			productReference = 667BA96925A774160098C7CC /* LandMarks.app */;
			productType = "com.apple.product-type.application";
		};
/* End PBXNativeTarget section */

/* Begin PBXProject section */
		667BA96125A774150098C7CC /* Project object */ = {
			isa = PBXProject;
			attributes = {
				LastSwiftUpdateCheck = 1230;
				LastUpgradeCheck = 1230;
				TargetAttributes = {
					667BA96825A774160098C7CC = {
						CreatedOnToolsVersion = 12.3;
					};
				};
			};
			buildConfigurationList = 667BA96425A774150098C7CC /* Build configuration list for PBXProject "LandMarks" */;
			compatibilityVersion = "Xcode 9.3";
			developmentRegion = en;
			hasScannedForEncodings = 0;
			knownRegions = (
				en,
				Base,
			);
			mainGroup = 667BA96025A774150098C7CC;
			productRefGroup = 667BA96A25A774160098C7CC /* Products */;
			projectDirPath = "";
			projectRoot = "";
			targets = (
				667BA96825A774160098C7CC /* LandMarks */,
			);
		};
/* End PBXProject section */

/* Begin PBXResourcesBuildPhase section */
		667BA96725A774160098C7CC /* Resources */ = {
			isa = PBXResourcesBuildPhase;
			buildActionMask = 2147483647;
			files = (
				6671395B25B01C1800599F50 /* hikeData.json in Resources */,
				667BA97425A774180098C7CC /* Preview Assets.xcassets in Resources */,
				667BA97125A774180098C7CC /* Assets.xcassets in Resources */,
				667BA98525A83C180098C7CC /* landmarkData.json in Resources */,
			);
			runOnlyForDeploymentPostprocessing = 0;
		};
/* End PBXResourcesBuildPhase section */

/* Begin PBXSourcesBuildPhase section */
		667BA96525A774160098C7CC /* Sources */ = {
			isa = PBXSourcesBuildPhase;
			buildActionMask = 2147483647;
			files = (
				6628106725B5B340003D98BA /* CategoryRow.swift in Sources */,
				6628106E25B5BDA8003D98BA /* Profile.swift in Sources */,
				667BA96F25A774160098C7CC /* ContentView.swift in Sources */,
				6671396F25B023B300599F50 /* CategoryHome.swift in Sources */,
				6671396625B01D6500599F50 /* HikeGraph.swift in Sources */,
				6671395625B0193D00599F50 /* Badge.swift in Sources */,
				667BA98825A83C2E0098C7CC /* LandMark.swift in Sources */,
				6671396525B01D6500599F50 /* GraphCapsule.swift in Sources */,
				667BA98125A838EE0098C7CC /* MapView.swift in Sources */,
				6675031925B00DDD0073B380 /* FavoriteButton.swift in Sources */,
				6628106A25B5B6A5003D98BA /* CategoryItem.swift in Sources */,
				6671396725B01D6500599F50 /* HikeDetail.swift in Sources */,
				6628107625B5BEE1003D98BA /* ProfileSummary.swift in Sources */,
				6671394A25B012BA00599F50 /* HexagonParameters.swift in Sources */,
				6628107225B5BEA4003D98BA /* ProfileHost.swift in Sources */,
				6671395E25B01C3300599F50 /* Hike.swift in Sources */,
				6671395325B018D000599F50 /* RotatedBadgeSymbol.swift in Sources */,
				6671395025B0182900599F50 /* BadgeSymbol.swift in Sources */,
				6628108725B89566003D98BA /* ProfileEditor.swift in Sources */,
				667BA99625A843D10098C7CC /* LandmarkList.swift in Sources */,
				6671396825B01D6500599F50 /* HikeView.swift in Sources */,
				667BA99925A847620098C7CC /* LandmarkDetail.swift in Sources */,
				6671394D25B0138000599F50 /* BadgeBackground.swift in Sources */,
				6628107925B5C02A003D98BA /* HikeBadge.swift in Sources */,
				667BA96D25A774160098C7CC /* LandMarksApp.swift in Sources */,
				667BA97D25A8384A0098C7CC /* CircleImage.swift in Sources */,
				667BA99225A841CD0098C7CC /* LandmarkRow.swift in Sources */,
				667BA98B25A83D8D0098C7CC /* ModelData.swift in Sources */,
			);
			runOnlyForDeploymentPostprocessing = 0;
		};
/* End PBXSourcesBuildPhase section */

/* Begin XCBuildConfiguration section */
		667BA97625A774180098C7CC /* Debug */ = {
			isa = XCBuildConfiguration;
			buildSettings = {
				ALWAYS_SEARCH_USER_PATHS = NO;
				CLANG_ANALYZER_NONNULL = YES;
				CLANG_ANALYZER_NUMBER_OBJECT_CONVERSION = YES_AGGRESSIVE;
				CLANG_CXX_LANGUAGE_STANDARD = "gnu++14";
				CLANG_CXX_LIBRARY = "libc++";
				CLANG_ENABLE_MODULES = YES;
				CLANG_ENABLE_OBJC_ARC = YES;
				CLANG_ENABLE_OBJC_WEAK = YES;
				CLANG_WARN_BLOCK_CAPTURE_AUTORELEASING = YES;
				CLANG_WARN_BOOL_CONVERSION = YES;
				CLANG_WARN_COMMA = YES;
				CLANG_WARN_CONSTANT_CONVERSION = YES;
				CLANG_WARN_DEPRECATED_OBJC_IMPLEMENTATIONS = YES;
				CLANG_WARN_DIRECT_OBJC_ISA_USAGE = YES_ERROR;
				CLANG_WARN_DOCUMENTATION_COMMENTS = YES;
				CLANG_WARN_EMPTY_BODY = YES;
				CLANG_WARN_ENUM_CONVERSION = YES;
				CLANG_WARN_INFINITE_RECURSION = YES;
				CLANG_WARN_INT_CONVERSION = YES;
				CLANG_WARN_NON_LITERAL_NULL_CONVERSION = YES;
				CLANG_WARN_OBJC_IMPLICIT_RETAIN_SELF = YES;
				CLANG_WARN_OBJC_LITERAL_CONVERSION = YES;
				CLANG_WARN_OBJC_ROOT_CLASS = YES_ERROR;
				CLANG_WARN_QUOTED_INCLUDE_IN_FRAMEWORK_HEADER = YES;
				CLANG_WARN_RANGE_LOOP_ANALYSIS = YES;
				CLANG_WARN_STRICT_PROTOTYPES = YES;
				CLANG_WARN_SUSPICIOUS_MOVE = YES;
				CLANG_WARN_UNGUARDED_AVAILABILITY = YES_AGGRESSIVE;
				CLANG_WARN_UNREACHABLE_CODE = YES;
				CLANG_WARN__DUPLICATE_METHOD_MATCH = YES;
				COPY_PHASE_STRIP = NO;
				DEBUG_INFORMATION_FORMAT = dwarf;
				ENABLE_STRICT_OBJC_MSGSEND = YES;
				ENABLE_TESTABILITY = YES;
				GCC_C_LANGUAGE_STANDARD = gnu11;
				GCC_DYNAMIC_NO_PIC = NO;
				GCC_NO_COMMON_BLOCKS = YES;
				GCC_OPTIMIZATION_LEVEL = 0;
				GCC_PREPROCESSOR_DEFINITIONS = (
					"DEBUG=1",
					"$(inherited)",
				);
				GCC_WARN_64_TO_32_BIT_CONVERSION = YES;
				GCC_WARN_ABOUT_RETURN_TYPE = YES_ERROR;
				GCC_WARN_UNDECLARED_SELECTOR = YES;
				GCC_WARN_UNINITIALIZED_AUTOS = YES_AGGRESSIVE;
				GCC_WARN_UNUSED_FUNCTION = YES;
				GCC_WARN_UNUSED_VARIABLE = YES;
				IPHONEOS_DEPLOYMENT_TARGET = 14.3;
				MTL_ENABLE_DEBUG_INFO = INCLUDE_SOURCE;
				MTL_FAST_MATH = YES;
				ONLY_ACTIVE_ARCH = YES;
				SDKROOT = iphoneos;
				SWIFT_ACTIVE_COMPILATION_CONDITIONS = DEBUG;
				SWIFT_OPTIMIZATION_LEVEL = "-Onone";
			};
			name = Debug;
		};
		667BA97725A774180098C7CC /* Release */ = {
			isa = XCBuildConfiguration;
			buildSettings = {
				ALWAYS_SEARCH_USER_PATHS = NO;
				CLANG_ANALYZER_NONNULL = YES;
				CLANG_ANALYZER_NUMBER_OBJECT_CONVERSION = YES_AGGRESSIVE;
				CLANG_CXX_LANGUAGE_STANDARD = "gnu++14";
				CLANG_CXX_LIBRARY = "libc++";
				CLANG_ENABLE_MODULES = YES;
				CLANG_ENABLE_OBJC_ARC = YES;
				CLANG_ENABLE_OBJC_WEAK = YES;
				CLANG_WARN_BLOCK_CAPTURE_AUTORELEASING = YES;
				CLANG_WARN_BOOL_CONVERSION = YES;
				CLANG_WARN_COMMA = YES;
				CLANG_WARN_CONSTANT_CONVERSION = YES;
				CLANG_WARN_DEPRECATED_OBJC_IMPLEMENTATIONS = YES;
				CLANG_WARN_DIRECT_OBJC_ISA_USAGE = YES_ERROR;
				CLANG_WARN_DOCUMENTATION_COMMENTS = YES;
				CLANG_WARN_EMPTY_BODY = YES;
				CLANG_WARN_ENUM_CONVERSION = YES;
				CLANG_WARN_INFINITE_RECURSION = YES;
				CLANG_WARN_INT_CONVERSION = YES;
				CLANG_WARN_NON_LITERAL_NULL_CONVERSION = YES;
				CLANG_WARN_OBJC_IMPLICIT_RETAIN_SELF = YES;
				CLANG_WARN_OBJC_LITERAL_CONVERSION = YES;
				CLANG_WARN_OBJC_ROOT_CLASS = YES_ERROR;
				CLANG_WARN_QUOTED_INCLUDE_IN_FRAMEWORK_HEADER = YES;
				CLANG_WARN_RANGE_LOOP_ANALYSIS = YES;
				CLANG_WARN_STRICT_PROTOTYPES = YES;
				CLANG_WARN_SUSPICIOUS_MOVE = YES;
				CLANG_WARN_UNGUARDED_AVAILABILITY = YES_AGGRESSIVE;
				CLANG_WARN_UNREACHABLE_CODE = YES;
				CLANG_WARN__DUPLICATE_METHOD_MATCH = YES;
				COPY_PHASE_STRIP = NO;
				DEBUG_INFORMATION_FORMAT = "dwarf-with-dsym";
				ENABLE_NS_ASSERTIONS = NO;
				ENABLE_STRICT_OBJC_MSGSEND = YES;
				GCC_C_LANGUAGE_STANDARD = gnu11;
				GCC_NO_COMMON_BLOCKS = YES;
				GCC_WARN_64_TO_32_BIT_CONVERSION = YES;
				GCC_WARN_ABOUT_RETURN_TYPE = YES_ERROR;
				GCC_WARN_UNDECLARED_SELECTOR = YES;
				GCC_WARN_UNINITIALIZED_AUTOS = YES_AGGRESSIVE;
				GCC_WARN_UNUSED_FUNCTION = YES;
				GCC_WARN_UNUSED_VARIABLE = YES;
				IPHONEOS_DEPLOYMENT_TARGET = 14.3;
				MTL_ENABLE_DEBUG_INFO = NO;
				MTL_FAST_MATH = YES;
				SDKROOT = iphoneos;
				SWIFT_COMPILATION_MODE = wholemodule;
				SWIFT_OPTIMIZATION_LEVEL = "-O";
				VALIDATE_PRODUCT = YES;
			};
			name = Release;
		};
		667BA97925A774180098C7CC /* Debug */ = {
			isa = XCBuildConfiguration;
			buildSettings = {
				ASSETCATALOG_COMPILER_APPICON_NAME = AppIcon;
				ASSETCATALOG_COMPILER_GLOBAL_ACCENT_COLOR_NAME = AccentColor;
				CODE_SIGN_STYLE = Automatic;
				DEVELOPMENT_ASSET_PATHS = "\"LandMarks/Preview Content\"";
				DEVELOPMENT_TEAM = 6JB2SDQGN3;
				ENABLE_PREVIEWS = YES;
				INFOPLIST_FILE = LandMarks/Info.plist;
				IPHONEOS_DEPLOYMENT_TARGET = 14.0;
				LD_RUNPATH_SEARCH_PATHS = (
					"$(inherited)",
					"@executable_path/Frameworks",
				);
				PRODUCT_BUNDLE_IDENTIFIER = app.takumi.obayashi.LandMarks;
				PRODUCT_NAME = "$(TARGET_NAME)";
				SWIFT_VERSION = 5.0;
				TARGETED_DEVICE_FAMILY = "1,2";
			};
			name = Debug;
		};
		667BA97A25A774180098C7CC /* Release */ = {
			isa = XCBuildConfiguration;
			buildSettings = {
				ASSETCATALOG_COMPILER_APPICON_NAME = AppIcon;
				ASSETCATALOG_COMPILER_GLOBAL_ACCENT_COLOR_NAME = AccentColor;
				CODE_SIGN_STYLE = Automatic;
				DEVELOPMENT_ASSET_PATHS = "\"LandMarks/Preview Content\"";
				DEVELOPMENT_TEAM = 6JB2SDQGN3;
				ENABLE_PREVIEWS = YES;
				INFOPLIST_FILE = LandMarks/Info.plist;
				IPHONEOS_DEPLOYMENT_TARGET = 14.0;
				LD_RUNPATH_SEARCH_PATHS = (
					"$(inherited)",
					"@executable_path/Frameworks",
				);
				PRODUCT_BUNDLE_IDENTIFIER = app.takumi.obayashi.LandMarks;
				PRODUCT_NAME = "$(TARGET_NAME)";
				SWIFT_VERSION = 5.0;
				TARGETED_DEVICE_FAMILY = "1,2";
			};
			name = Release;
		};
/* End XCBuildConfiguration section */

/* Begin XCConfigurationList section */
		667BA96425A774150098C7CC /* Build configuration list for PBXProject "LandMarks" */ = {
			isa = XCConfigurationList;
			buildConfigurations = (
				667BA97625A774180098C7CC /* Debug */,
				667BA97725A774180098C7CC /* Release */,
			);
			defaultConfigurationIsVisible = 0;
			defaultConfigurationName = Release;
		};
		667BA97825A774180098C7CC /* Build configuration list for PBXNativeTarget "LandMarks" */ = {
			isa = XCConfigurationList;
			buildConfigurations = (
				667BA97925A774180098C7CC /* Debug */,
				667BA97A25A774180098C7CC /* Release */,
			);
			defaultConfigurationIsVisible = 0;
			defaultConfigurationName = Release;
		};
/* End XCConfigurationList section */
	};
	rootObject = 667BA96125A774150098C7CC /* Project object */;
}
